
Microsoft Visual Studio Solution File, Format Version 12.00
# Visual Studio 15
VisualStudioVersion = 15.0.27703.2047
MinimumVisualStudioVersion = 10.0.40219.1
Project("{9A19103F-16F7-4668-BE54-9A1E7A4F7556}") = "ShortURL", "ShortURL\ShortURL.csproj", "{3CC3BCED-5C50-4387-BA86-DB26CBF8B78E}"
EndProject
Project("{FAE04EC0-301F-11D3-BF4B-00C04F79EFBC}") = "XUnitTest", "XUnitTest\XUnitTest.csproj", "{A04D44C0-88F0-42D0-8A3A-58A1039B82E4}"
EndProject
Global
	GlobalSection(SolutionConfigurationPlatforms) = preSolution
		Debug|Any CPU = Debug|Any CPU
		Release|Any CPU = Release|Any CPU
	EndGlobalSection
	GlobalSection(ProjectConfigurationPlatforms) = postSolution
		{3CC3BCED-5C50-4387-BA86-DB26CBF8B78E}.Debug|Any CPU.ActiveCfg = Debug|Any CPU
		{3CC3BCED-5C50-4387-BA86-DB26CBF8B78E}.Debug|Any CPU.Build.0 = Debug|Any CPU
		{3CC3BCED-5C50-4387-BA86-DB26CBF8B78E}.Release|Any CPU.ActiveCfg = Release|Any CPU
		{3CC3BCED-5C50-4387-BA86-DB26CBF8B78E}.Release|Any CPU.Build.0 = Release|Any CPU
		{A04D44C0-88F0-42D0-8A3A-58A1039B82E4}.Debug|Any CPU.ActiveCfg = Debug|Any CPU
		{A04D44C0-88F0-42D0-8A3A-58A1039B82E4}.Debug|Any CPU.Build.0 = Debug|Any CPU
		{A04D44C0-88F0-42D0-8A3A-58A1039B82E4}.Release|Any CPU.ActiveCfg = Release|Any CPU
		{A04D44C0-88F0-42D0-8A3A-58A1039B82E4}.Release|Any CPU.Build.0 = Release|Any CPU
	EndGlobalSection
	GlobalSection(SolutionProperties) = preSolution
		HideSolutionNode = FALSE
	EndGlobalSection
	GlobalSection(ExtensibilityGlobals) = postSolution
		SolutionGuid = {D85E6C4A-3379-4FFF-82B5-85A6500DC329}
	EndGlobalSection
EndGlobal
